
Microsoft Visual Studio Solution File, Format Version 12.00
# Visual Studio 14
VisualStudioVersion = 14.0.25420.1
MinimumVisualStudioVersion = 10.0.40219.1
Project("{FAE04EC0-301F-11D3-BF4B-00C04F79EFBC}") = "AWD.Library.Core", "AWD.Core\AWD.Library.Core.csproj", "{C896EABD-8777-4EED-BF77-64711B1803A6}"
EndProject
Project("{FAE04EC0-301F-11D3-BF4B-00C04F79EFBC}") = "AWD.Library.Console", "AWD.Library.Console\AWD.Library.Console.csproj", "{71016B3C-86AC-4E91-B057-A55801E14566}"
EndProject
Project("{FAE04EC0-301F-11D3-BF4B-00C04F79EFBC}") = "AW.Library.Models", "AW.Library.Models\AW.Library.Models.csproj", "{FB82A687-E799-457D-8E32-01C0655C6290}"
EndProject
Project("{FAE04EC0-301F-11D3-BF4B-00C04F79EFBC}") = "AWD.Library.Common", "AWD.Library.Common\AWD.Library.Common.csproj", "{876FEE43-5F53-4735-9E15-137E4AED2269}"
EndProject
Global
	GlobalSection(SolutionConfigurationPlatforms) = preSolution
		Debug|Any CPU = Debug|Any CPU
		Release|Any CPU = Release|Any CPU
	EndGlobalSection
	GlobalSection(ProjectConfigurationPlatforms) = postSolution
		{C896EABD-8777-4EED-BF77-64711B1803A6}.Debug|Any CPU.ActiveCfg = Debug|Any CPU
		{C896EABD-8777-4EED-BF77-64711B1803A6}.Debug|Any CPU.Build.0 = Debug|Any CPU
		{C896EABD-8777-4EED-BF77-64711B1803A6}.Release|Any CPU.ActiveCfg = Release|Any CPU
		{C896EABD-8777-4EED-BF77-64711B1803A6}.Release|Any CPU.Build.0 = Release|Any CPU
		{71016B3C-86AC-4E91-B057-A55801E14566}.Debug|Any CPU.ActiveCfg = Debug|Any CPU
		{71016B3C-86AC-4E91-B057-A55801E14566}.Debug|Any CPU.Build.0 = Debug|Any CPU
		{71016B3C-86AC-4E91-B057-A55801E14566}.Release|Any CPU.ActiveCfg = Release|Any CPU
		{71016B3C-86AC-4E91-B057-A55801E14566}.Release|Any CPU.Build.0 = Release|Any CPU
		{FB82A687-E799-457D-8E32-01C0655C6290}.Debug|Any CPU.ActiveCfg = Debug|Any CPU
		{FB82A687-E799-457D-8E32-01C0655C6290}.Debug|Any CPU.Build.0 = Debug|Any CPU
		{FB82A687-E799-457D-8E32-01C0655C6290}.Release|Any CPU.ActiveCfg = Release|Any CPU
		{FB82A687-E799-457D-8E32-01C0655C6290}.Release|Any CPU.Build.0 = Release|Any CPU
		{876FEE43-5F53-4735-9E15-137E4AED2269}.Debug|Any CPU.ActiveCfg = Debug|Any CPU
		{876FEE43-5F53-4735-9E15-137E4AED2269}.Debug|Any CPU.Build.0 = Debug|Any CPU
		{876FEE43-5F53-4735-9E15-137E4AED2269}.Release|Any CPU.ActiveCfg = Release|Any CPU
		{876FEE43-5F53-4735-9E15-137E4AED2269}.Release|Any CPU.Build.0 = Release|Any CPU
	EndGlobalSection
	GlobalSection(SolutionProperties) = preSolution
		HideSolutionNode = FALSE
	EndGlobalSection
EndGlobal
